
Microsoft Visual Studio Solution File, Format Version 12.00
# Visual Studio 15
VisualStudioVersion = 15.0.28307.1340
MinimumVisualStudioVersion = 10.0.40219.1
Project("{9A19103F-16F7-4668-BE54-9A1E7A4F7556}") = "Maersk.AsyncJobProcessing", "Maersk.AsyncJobProcessing\Maersk.AsyncJobProcessing.csproj", "{888C4E18-CE4A-42D2-8109-9527B3D0B64A}"
EndProject
Project("{FAE04EC0-301F-11D3-BF4B-00C04F79EFBC}") = "Maersk.AsyncJobProcessing.Tests", "Maersk.AsyncJobProcessing.Tests\Maersk.AsyncJobProcessing.Tests.csproj", "{933B3EB2-CDCF-4DC5-98B1-12F084D0267A}"
EndProject
Global
	GlobalSection(SolutionConfigurationPlatforms) = preSolution
		Debug|Any CPU = Debug|Any CPU
		Release|Any CPU = Release|Any CPU
	EndGlobalSection
	GlobalSection(ProjectConfigurationPlatforms) = postSolution
		{888C4E18-CE4A-42D2-8109-9527B3D0B64A}.Debug|Any CPU.ActiveCfg = Debug|Any CPU
		{888C4E18-CE4A-42D2-8109-9527B3D0B64A}.Debug|Any CPU.Build.0 = Debug|Any CPU
		{888C4E18-CE4A-42D2-8109-9527B3D0B64A}.Release|Any CPU.ActiveCfg = Release|Any CPU
		{888C4E18-CE4A-42D2-8109-9527B3D0B64A}.Release|Any CPU.Build.0 = Release|Any CPU
		{933B3EB2-CDCF-4DC5-98B1-12F084D0267A}.Debug|Any CPU.ActiveCfg = Debug|Any CPU
		{933B3EB2-CDCF-4DC5-98B1-12F084D0267A}.Debug|Any CPU.Build.0 = Debug|Any CPU
		{933B3EB2-CDCF-4DC5-98B1-12F084D0267A}.Release|Any CPU.ActiveCfg = Release|Any CPU
		{933B3EB2-CDCF-4DC5-98B1-12F084D0267A}.Release|Any CPU.Build.0 = Release|Any CPU
	EndGlobalSection
	GlobalSection(SolutionProperties) = preSolution
		HideSolutionNode = FALSE
	EndGlobalSection
	GlobalSection(ExtensibilityGlobals) = postSolution
		SolutionGuid = {2F68786B-749B-462C-83B4-BDC6D958548F}
	EndGlobalSection
EndGlobal
